
Microsoft Visual Studio Solution File, Format Version 12.00
# Visual Studio 15
VisualStudioVersion = 15.0.28307.136
MinimumVisualStudioVersion = 10.0.40219.1
Project("{9A19103F-16F7-4668-BE54-9A1E7A4F7556}") = "ProjectionView.1", "ProjectionView.1\ProjectionView.1.csproj", "{9A865237-6D8D-41C4-A58A-887C586EFDA6}"
EndProject
Project("{9A19103F-16F7-4668-BE54-9A1E7A4F7556}") = "ProjectionView.2", "ProjectionView.2\ProjectionView.2.csproj", "{64981CD6-BE0A-45CF-961B-0D70B4DE0ED6}"
EndProject
Project("{9A19103F-16F7-4668-BE54-9A1E7A4F7556}") = "ProjectionView.3", "ProjectionView.3\ProjectionView.3.csproj", "{9235B0E2-153F-4D79-8E46-2EB2591FF52A}"
EndProject
Project("{9A19103F-16F7-4668-BE54-9A1E7A4F7556}") = "ProjectionView.4", "ProjectionView.4\ProjectionView.4.csproj", "{9347364C-265E-4DDD-8AF8-2D134C1E719F}"
EndProject
Project("{9A19103F-16F7-4668-BE54-9A1E7A4F7556}") = "ProjectionView.Data", "ProjectionView.Data\ProjectionView.Data.csproj", "{F19D8E67-93E5-432A-82E9-59CB16E9EE87}"
EndProject
Global
	GlobalSection(SolutionConfigurationPlatforms) = preSolution
		Debug|Any CPU = Debug|Any CPU
		Release|Any CPU = Release|Any CPU
	EndGlobalSection
	GlobalSection(ProjectConfigurationPlatforms) = postSolution
		{9A865237-6D8D-41C4-A58A-887C586EFDA6}.Debug|Any CPU.ActiveCfg = Debug|Any CPU
		{9A865237-6D8D-41C4-A58A-887C586EFDA6}.Debug|Any CPU.Build.0 = Debug|Any CPU
		{9A865237-6D8D-41C4-A58A-887C586EFDA6}.Release|Any CPU.ActiveCfg = Release|Any CPU
		{9A865237-6D8D-41C4-A58A-887C586EFDA6}.Release|Any CPU.Build.0 = Release|Any CPU
		{64981CD6-BE0A-45CF-961B-0D70B4DE0ED6}.Debug|Any CPU.ActiveCfg = Debug|Any CPU
		{64981CD6-BE0A-45CF-961B-0D70B4DE0ED6}.Debug|Any CPU.Build.0 = Debug|Any CPU
		{64981CD6-BE0A-45CF-961B-0D70B4DE0ED6}.Release|Any CPU.ActiveCfg = Release|Any CPU
		{64981CD6-BE0A-45CF-961B-0D70B4DE0ED6}.Release|Any CPU.Build.0 = Release|Any CPU
		{9235B0E2-153F-4D79-8E46-2EB2591FF52A}.Debug|Any CPU.ActiveCfg = Debug|Any CPU
		{9235B0E2-153F-4D79-8E46-2EB2591FF52A}.Debug|Any CPU.Build.0 = Debug|Any CPU
		{9235B0E2-153F-4D79-8E46-2EB2591FF52A}.Release|Any CPU.ActiveCfg = Release|Any CPU
		{9235B0E2-153F-4D79-8E46-2EB2591FF52A}.Release|Any CPU.Build.0 = Release|Any CPU
		{9347364C-265E-4DDD-8AF8-2D134C1E719F}.Debug|Any CPU.ActiveCfg = Debug|Any CPU
		{9347364C-265E-4DDD-8AF8-2D134C1E719F}.Debug|Any CPU.Build.0 = Debug|Any CPU
		{9347364C-265E-4DDD-8AF8-2D134C1E719F}.Release|Any CPU.ActiveCfg = Release|Any CPU
		{9347364C-265E-4DDD-8AF8-2D134C1E719F}.Release|Any CPU.Build.0 = Release|Any CPU
		{F19D8E67-93E5-432A-82E9-59CB16E9EE87}.Debug|Any CPU.ActiveCfg = Debug|Any CPU
		{F19D8E67-93E5-432A-82E9-59CB16E9EE87}.Debug|Any CPU.Build.0 = Debug|Any CPU
		{F19D8E67-93E5-432A-82E9-59CB16E9EE87}.Release|Any CPU.ActiveCfg = Release|Any CPU
		{F19D8E67-93E5-432A-82E9-59CB16E9EE87}.Release|Any CPU.Build.0 = Release|Any CPU
	EndGlobalSection
	GlobalSection(SolutionProperties) = preSolution
		HideSolutionNode = FALSE
	EndGlobalSection
	GlobalSection(ExtensibilityGlobals) = postSolution
		SolutionGuid = {80300568-A293-4B70-8EF8-BC9E70DBE50A}
	EndGlobalSection
EndGlobal
